
Microsoft Visual Studio Solution File, Format Version 12.00
# Visual Studio Version 17
VisualStudioVersion = 17.10.34916.146
MinimumVisualStudioVersion = 10.0.40219.1
Project("{FAE04EC0-301F-11D3-BF4B-00C04F79EFBC}") = "Abstraction(OOP)", "Abstraction(OOP)\Abstraction(OOP).csproj", "{1DC5BC47-0922-469E-99C6-B4CD694D412A}"
EndProject
Global
	GlobalSection(SolutionConfigurationPlatforms) = preSolution
		Debug|Any CPU = Debug|Any CPU
		Release|Any CPU = Release|Any CPU
	EndGlobalSection
	GlobalSection(ProjectConfigurationPlatforms) = postSolution
		{1DC5BC47-0922-469E-99C6-B4CD694D412A}.Debug|Any CPU.ActiveCfg = Debug|Any CPU
		{1DC5BC47-0922-469E-99C6-B4CD694D412A}.Debug|Any CPU.Build.0 = Debug|Any CPU
		{1DC5BC47-0922-469E-99C6-B4CD694D412A}.Release|Any CPU.ActiveCfg = Release|Any CPU
		{1DC5BC47-0922-469E-99C6-B4CD694D412A}.Release|Any CPU.Build.0 = Release|Any CPU
	EndGlobalSection
	GlobalSection(SolutionProperties) = preSolution
		HideSolutionNode = FALSE
	EndGlobalSection
	GlobalSection(ExtensibilityGlobals) = postSolution
		SolutionGuid = {79CA8806-B745-4D26-93AC-6A886298F194}
	EndGlobalSection
EndGlobal
